{
  "originHash" : "41f463f1017600953a0230dd45e01a62447674b9e08ebd5bbdf2d0ed000ef9f2",
  "pins" : [
    {
      "identity" : "easyx",
      "kind" : "remoteSourceControl",
      "location" : "https://github.com/shawon1fb/EasyX.git",
      "state" : {
        "revision" : "89ee9b985e47c9a0a4bb6317b41a19e0e5472415",
        "version" : "1.0.0"
      }
    },
    {
      "identity" : "easyxconnect",
      "kind" : "remoteSourceControl",
      "location" : "https://github.com/shawon1fb/EasyXConnect.git",
      "state" : {
        "revision" : "57c1c0653a0abb625fc08c3ae4c18bf91779c8b6",
        "version" : "1.0.9"
      }
    },
    {
      "identity" : "lottie-spm",
      "kind" : "remoteSourceControl",
      "location" : "https://github.com/airbnb/lottie-spm.git",
      "state" : {
        "revision" : "b842598f1295f3ffa1475b1580672d1fe5b83580",
        "version" : "4.5.0"
      }
    },
    {
      "identity" : "swiftsoup",
      "kind" : "remoteSourceControl",
      "location" : "https://github.com/scinfu/SwiftSoup.git",
      "state" : {
        "revision" : "0837db354faf9c9deb710dc597046edaadf5360f",
        "version" : "2.7.6"
      }
    }
  ],
  "version" : 3
}
