// !$*UTF8*$!
{
	archiveVersion = 1;
	classes = {
	};
	objectVersion = 77;
	objects = {

/* Begin PBXBuildFile section */
		3613F6D32CEB8EB20034B5B2 /* MediumCore in Frameworks */ = {isa = PBXBuildFile; productRef = 3613F6D22CEB8EB20034B5B2 /* MediumCore */; };
		3661569C2CEF6F1E0088EF41 /* XSwiftUI in Frameworks */ = {isa = PBXBuildFile; productRef = 3661569B2CEF6F1E0088EF41 /* XSwiftUI */; };
		36C915662CEF9F01008861FD /* HighlightSwift in Frameworks */ = {isa = PBXBuildFile; productRef = 36C915652CEF9F01008861FD /* HighlightSwift */; };
		3B93060E2D131A8300F39D9F /* XSwiftUI in Frameworks */ = {isa = PBXBuildFile; productRef = 3B93060D2D131A8300F39D9F /* XSwiftUI */; };
		3B9306112D131B9700F39D9F /* HighlightSwift in Frameworks */ = {isa = PBXBuildFile; productRef = 3B9306102D131B9700F39D9F /* HighlightSwift */; };
		3B9306142D131D4B00F39D9F /* MediumCore in Frameworks */ = {isa = PBXBuildFile; productRef = 3B9306132D131D4B00F39D9F /* MediumCore */; };
		3BBB61A12D2C4FAD00F75090 /* MarkdownUI in Frameworks */ = {isa = PBXBuildFile; productRef = 3BBB61A02D2C4FAD00F75090 /* MarkdownUI */; };
/* End PBXBuildFile section */

/* Begin PBXContainerItemProxy section */
		3613F6AB2CEB8DA80034B5B2 /* PBXContainerItemProxy */ = {
			isa = PBXContainerItemProxy;
			containerPortal = 3613F6912CEB8DA60034B5B2 /* Project object */;
			proxyType = 1;
			remoteGlobalIDString = 3613F6982CEB8DA60034B5B2;
			remoteInfo = Medium_UI;
		};
		3613F6B52CEB8DA80034B5B2 /* PBXContainerItemProxy */ = {
			isa = PBXContainerItemProxy;
			containerPortal = 3613F6912CEB8DA60034B5B2 /* Project object */;
			proxyType = 1;
			remoteGlobalIDString = 3613F6982CEB8DA60034B5B2;
			remoteInfo = Medium_UI;
		};
/* End PBXContainerItemProxy section */

/* Begin PBXFileReference section */
		3613F6992CEB8DA60034B5B2 /* Medium_UI.app */ = {isa = PBXFileReference; explicitFileType = wrapper.application; includeInIndex = 0; path = Medium_UI.app; sourceTree = BUILT_PRODUCTS_DIR; };
		3613F6AA2CEB8DA80034B5B2 /* Medium_UITests.xctest */ = {isa = PBXFileReference; explicitFileType = wrapper.cfbundle; includeInIndex = 0; path = Medium_UITests.xctest; sourceTree = BUILT_PRODUCTS_DIR; };
		3613F6B42CEB8DA80034B5B2 /* Medium_UIUITests.xctest */ = {isa = PBXFileReference; explicitFileType = wrapper.cfbundle; includeInIndex = 0; path = Medium_UIUITests.xctest; sourceTree = BUILT_PRODUCTS_DIR; };
/* End PBXFileReference section */

/* Begin PBXFileSystemSynchronizedRootGroup section */
		3613F69B2CEB8DA60034B5B2 /* Medium_UI */ = {
			isa = PBXFileSystemSynchronizedRootGroup;
			path = Medium_UI;
			sourceTree = "<group>";
		};
		3613F6AD2CEB8DA80034B5B2 /* Medium_UITests */ = {
			isa = PBXFileSystemSynchronizedRootGroup;
			path = Medium_UITests;
			sourceTree = "<group>";
		};
		3613F6B72CEB8DA80034B5B2 /* Medium_UIUITests */ = {
			isa = PBXFileSystemSynchronizedRootGroup;
			path = Medium_UIUITests;
			sourceTree = "<group>";
		};
/* End PBXFileSystemSynchronizedRootGroup section */

/* Begin PBXFrameworksBuildPhase section */
		3613F6962CEB8DA60034B5B2 /* Frameworks */ = {
			isa = PBXFrameworksBuildPhase;
			buildActionMask = 2147483647;
			files = (
				36C915662CEF9F01008861FD /* HighlightSwift in Frameworks */,
				3BBB61A12D2C4FAD00F75090 /* MarkdownUI in Frameworks */,
				3B9306112D131B9700F39D9F /* HighlightSwift in Frameworks */,
				3B9306142D131D4B00F39D9F /* MediumCore in Frameworks */,
				3613F6D32CEB8EB20034B5B2 /* MediumCore in Frameworks */,
				3661569C2CEF6F1E0088EF41 /* XSwiftUI in Frameworks */,
				3B93060E2D131A8300F39D9F /* XSwiftUI in Frameworks */,
			);
			runOnlyForDeploymentPostprocessing = 0;
		};
		3613F6A72CEB8DA80034B5B2 /* Frameworks */ = {
			isa = PBXFrameworksBuildPhase;
			buildActionMask = 2147483647;
			files = (
			);
			runOnlyForDeploymentPostprocessing = 0;
		};
		3613F6B12CEB8DA80034B5B2 /* Frameworks */ = {
			isa = PBXFrameworksBuildPhase;
			buildActionMask = 2147483647;
			files = (
			);
			runOnlyForDeploymentPostprocessing = 0;
		};
/* End PBXFrameworksBuildPhase section */

/* Begin PBXGroup section */
		3613F6902CEB8DA60034B5B2 = {
			isa = PBXGroup;
			children = (
				3613F69B2CEB8DA60034B5B2 /* Medium_UI */,
				3613F6AD2CEB8DA80034B5B2 /* Medium_UITests */,
				3613F6B72CEB8DA80034B5B2 /* Medium_UIUITests */,
				3613F69A2CEB8DA60034B5B2 /* Products */,
			);
			sourceTree = "<group>";
		};
		3613F69A2CEB8DA60034B5B2 /* Products */ = {
			isa = PBXGroup;
			children = (
				3613F6992CEB8DA60034B5B2 /* Medium_UI.app */,
				3613F6AA2CEB8DA80034B5B2 /* Medium_UITests.xctest */,
				3613F6B42CEB8DA80034B5B2 /* Medium_UIUITests.xctest */,
			);
			name = Products;
			sourceTree = "<group>";
		};
/* End PBXGroup section */

/* Begin PBXNativeTarget section */
		3613F6982CEB8DA60034B5B2 /* Medium_UI */ = {
			isa = PBXNativeTarget;
			buildConfigurationList = 3613F6BE2CEB8DA80034B5B2 /* Build configuration list for PBXNativeTarget "Medium_UI" */;
			buildPhases = (
				3613F6952CEB8DA60034B5B2 /* Sources */,
				3613F6962CEB8DA60034B5B2 /* Frameworks */,
				3613F6972CEB8DA60034B5B2 /* Resources */,
			);
			buildRules = (
			);
			dependencies = (
			);
			fileSystemSynchronizedGroups = (
				3613F69B2CEB8DA60034B5B2 /* Medium_UI */,
			);
			name = Medium_UI;
			packageProductDependencies = (
				3613F6D22CEB8EB20034B5B2 /* MediumCore */,
				3661569B2CEF6F1E0088EF41 /* XSwiftUI */,
				36C915652CEF9F01008861FD /* HighlightSwift */,
				3B93060D2D131A8300F39D9F /* XSwiftUI */,
				3B9306102D131B9700F39D9F /* HighlightSwift */,
				3B9306132D131D4B00F39D9F /* MediumCore */,
				3BBB61A02D2C4FAD00F75090 /* MarkdownUI */,
			);
			productName = Medium_UI;
			productReference = 3613F6992CEB8DA60034B5B2 /* Medium_UI.app */;
			productType = "com.apple.product-type.application";
		};
		3613F6A92CEB8DA80034B5B2 /* Medium_UITests */ = {
			isa = PBXNativeTarget;
			buildConfigurationList = 3613F6C12CEB8DA80034B5B2 /* Build configuration list for PBXNativeTarget "Medium_UITests" */;
			buildPhases = (
				3613F6A62CEB8DA80034B5B2 /* Sources */,
				3613F6A72CEB8DA80034B5B2 /* Frameworks */,
				3613F6A82CEB8DA80034B5B2 /* Resources */,
			);
			buildRules = (
			);
			dependencies = (
				3613F6AC2CEB8DA80034B5B2 /* PBXTargetDependency */,
			);
			fileSystemSynchronizedGroups = (
				3613F6AD2CEB8DA80034B5B2 /* Medium_UITests */,
			);
			name = Medium_UITests;
			packageProductDependencies = (
			);
			productName = Medium_UITests;
			productReference = 3613F6AA2CEB8DA80034B5B2 /* Medium_UITests.xctest */;
			productType = "com.apple.product-type.bundle.unit-test";
		};
		3613F6B32CEB8DA80034B5B2 /* Medium_UIUITests */ = {
			isa = PBXNativeTarget;
			buildConfigurationList = 3613F6C42CEB8DA80034B5B2 /* Build configuration list for PBXNativeTarget "Medium_UIUITests" */;
			buildPhases = (
				3613F6B02CEB8DA80034B5B2 /* Sources */,
				3613F6B12CEB8DA80034B5B2 /* Frameworks */,
				3613F6B22CEB8DA80034B5B2 /* Resources */,
			);
			buildRules = (
			);
			dependencies = (
				3613F6B62CEB8DA80034B5B2 /* PBXTargetDependency */,
			);
			fileSystemSynchronizedGroups = (
				3613F6B72CEB8DA80034B5B2 /* Medium_UIUITests */,
			);
			name = Medium_UIUITests;
			packageProductDependencies = (
			);
			productName = Medium_UIUITests;
			productReference = 3613F6B42CEB8DA80034B5B2 /* Medium_UIUITests.xctest */;
			productType = "com.apple.product-type.bundle.ui-testing";
		};
/* End PBXNativeTarget section */

/* Begin PBXProject section */
		3613F6912CEB8DA60034B5B2 /* Project object */ = {
			isa = PBXProject;
			attributes = {
				BuildIndependentTargetsInParallel = 1;
				LastSwiftUpdateCheck = 1610;
				LastUpgradeCheck = 1610;
				TargetAttributes = {
					3613F6982CEB8DA60034B5B2 = {
						CreatedOnToolsVersion = 16.1;
					};
					3613F6A92CEB8DA80034B5B2 = {
						CreatedOnToolsVersion = 16.1;
						TestTargetID = 3613F6982CEB8DA60034B5B2;
					};
					3613F6B32CEB8DA80034B5B2 = {
						CreatedOnToolsVersion = 16.1;
						TestTargetID = 3613F6982CEB8DA60034B5B2;
					};
				};
			};
			buildConfigurationList = 3613F6942CEB8DA60034B5B2 /* Build configuration list for PBXProject "Medium_UI" */;
			developmentRegion = en;
			hasScannedForEncodings = 0;
			knownRegions = (
				en,
				Base,
			);
			mainGroup = 3613F6902CEB8DA60034B5B2;
			minimizedProjectReferenceProxies = 1;
			packageReferences = (
				3B93060C2D131A8300F39D9F /* XCRemoteSwiftPackageReference "XSwiftUI" */,
				3B93060F2D131B9700F39D9F /* XCRemoteSwiftPackageReference "HighlightSwift" */,
				3B9306122D131D4B00F39D9F /* XCRemoteSwiftPackageReference "Swift-Medium-Core" */,
				3BBB619F2D2C4FAD00F75090 /* XCRemoteSwiftPackageReference "swift-markdown-ui" */,
			);
			preferredProjectObjectVersion = 77;
			productRefGroup = 3613F69A2CEB8DA60034B5B2 /* Products */;
			projectDirPath = "";
			projectRoot = "";
			targets = (
				3613F6982CEB8DA60034B5B2 /* Medium_UI */,
				3613F6A92CEB8DA80034B5B2 /* Medium_UITests */,
				3613F6B32CEB8DA80034B5B2 /* Medium_UIUITests */,
			);
		};
/* End PBXProject section */

/* Begin PBXResourcesBuildPhase section */
		3613F6972CEB8DA60034B5B2 /* Resources */ = {
			isa = PBXResourcesBuildPhase;
			buildActionMask = 2147483647;
			files = (
			);
			runOnlyForDeploymentPostprocessing = 0;
		};
		3613F6A82CEB8DA80034B5B2 /* Resources */ = {
			isa = PBXResourcesBuildPhase;
			buildActionMask = 2147483647;
			files = (
			);
			runOnlyForDeploymentPostprocessing = 0;
		};
		3613F6B22CEB8DA80034B5B2 /* Resources */ = {
			isa = PBXResourcesBuildPhase;
			buildActionMask = 2147483647;
			files = (
			);
			runOnlyForDeploymentPostprocessing = 0;
		};
/* End PBXResourcesBuildPhase section */

/* Begin PBXSourcesBuildPhase section */
		3613F6952CEB8DA60034B5B2 /* Sources */ = {
			isa = PBXSourcesBuildPhase;
			buildActionMask = 2147483647;
			files = (
			);
			runOnlyForDeploymentPostprocessing = 0;
		};
		3613F6A62CEB8DA80034B5B2 /* Sources */ = {
			isa = PBXSourcesBuildPhase;
			buildActionMask = 2147483647;
			files = (
			);
			runOnlyForDeploymentPostprocessing = 0;
		};
		3613F6B02CEB8DA80034B5B2 /* Sources */ = {
			isa = PBXSourcesBuildPhase;
			buildActionMask = 2147483647;
			files = (
			);
			runOnlyForDeploymentPostprocessing = 0;
		};
/* End PBXSourcesBuildPhase section */

/* Begin PBXTargetDependency section */
		3613F6AC2CEB8DA80034B5B2 /* PBXTargetDependency */ = {
			isa = PBXTargetDependency;
			target = 3613F6982CEB8DA60034B5B2 /* Medium_UI */;
			targetProxy = 3613F6AB2CEB8DA80034B5B2 /* PBXContainerItemProxy */;
		};
		3613F6B62CEB8DA80034B5B2 /* PBXTargetDependency */ = {
			isa = PBXTargetDependency;
			target = 3613F6982CEB8DA60034B5B2 /* Medium_UI */;
			targetProxy = 3613F6B52CEB8DA80034B5B2 /* PBXContainerItemProxy */;
		};
/* End PBXTargetDependency section */

/* Begin XCBuildConfiguration section */
		3613F6BC2CEB8DA80034B5B2 /* Debug */ = {
			isa = XCBuildConfiguration;
			buildSettings = {
				ALWAYS_SEARCH_USER_PATHS = NO;
				ASSETCATALOG_COMPILER_GENERATE_SWIFT_ASSET_SYMBOL_EXTENSIONS = YES;
				CLANG_ANALYZER_NONNULL = YES;
				CLANG_ANALYZER_NUMBER_OBJECT_CONVERSION = YES_AGGRESSIVE;
				CLANG_CXX_LANGUAGE_STANDARD = "gnu++20";
				CLANG_ENABLE_MODULES = YES;
				CLANG_ENABLE_OBJC_ARC = YES;
				CLANG_ENABLE_OBJC_WEAK = YES;
				CLANG_WARN_BLOCK_CAPTURE_AUTORELEASING = YES;
				CLANG_WARN_BOOL_CONVERSION = YES;
				CLANG_WARN_COMMA = YES;
				CLANG_WARN_CONSTANT_CONVERSION = YES;
				CLANG_WARN_DEPRECATED_OBJC_IMPLEMENTATIONS = YES;
				CLANG_WARN_DIRECT_OBJC_ISA_USAGE = YES_ERROR;
				CLANG_WARN_DOCUMENTATION_COMMENTS = YES;
				CLANG_WARN_EMPTY_BODY = YES;
				CLANG_WARN_ENUM_CONVERSION = YES;
				CLANG_WARN_INFINITE_RECURSION = YES;
				CLANG_WARN_INT_CONVERSION = YES;
				CLANG_WARN_NON_LITERAL_NULL_CONVERSION = YES;
				CLANG_WARN_OBJC_IMPLICIT_RETAIN_SELF = YES;
				CLANG_WARN_OBJC_LITERAL_CONVERSION = YES;
				CLANG_WARN_OBJC_ROOT_CLASS = YES_ERROR;
				CLANG_WARN_QUOTED_INCLUDE_IN_FRAMEWORK_HEADER = YES;
				CLANG_WARN_RANGE_LOOP_ANALYSIS = YES;
				CLANG_WARN_STRICT_PROTOTYPES = YES;
				CLANG_WARN_SUSPICIOUS_MOVE = YES;
				CLANG_WARN_UNGUARDED_AVAILABILITY = YES_AGGRESSIVE;
				CLANG_WARN_UNREACHABLE_CODE = YES;
				CLANG_WARN__DUPLICATE_METHOD_MATCH = YES;
				COPY_PHASE_STRIP = NO;
				DEBUG_INFORMATION_FORMAT = dwarf;
				ENABLE_STRICT_OBJC_MSGSEND = YES;
				ENABLE_TESTABILITY = YES;
				ENABLE_USER_SCRIPT_SANDBOXING = YES;
				GCC_C_LANGUAGE_STANDARD = gnu17;
				GCC_DYNAMIC_NO_PIC = NO;
				GCC_NO_COMMON_BLOCKS = YES;
				GCC_OPTIMIZATION_LEVEL = 0;
				GCC_PREPROCESSOR_DEFINITIONS = (
					"DEBUG=1",
					"$(inherited)",
				);
				GCC_WARN_64_TO_32_BIT_CONVERSION = YES;
				GCC_WARN_ABOUT_RETURN_TYPE = YES_ERROR;
				GCC_WARN_UNDECLARED_SELECTOR = YES;
				GCC_WARN_UNINITIALIZED_AUTOS = YES_AGGRESSIVE;
				GCC_WARN_UNUSED_FUNCTION = YES;
				GCC_WARN_UNUSED_VARIABLE = YES;
				LOCALIZATION_PREFERS_STRING_CATALOGS = YES;
				MACOSX_DEPLOYMENT_TARGET = 15.1;
				MTL_ENABLE_DEBUG_INFO = INCLUDE_SOURCE;
				MTL_FAST_MATH = YES;
				ONLY_ACTIVE_ARCH = YES;
				SDKROOT = macosx;
				SWIFT_ACTIVE_COMPILATION_CONDITIONS = "DEBUG $(inherited)";
				SWIFT_OPTIMIZATION_LEVEL = "-Onone";
			};
			name = Debug;
		};
		3613F6BD2CEB8DA80034B5B2 /* Release */ = {
			isa = XCBuildConfiguration;
			buildSettings = {
				ALWAYS_SEARCH_USER_PATHS = NO;
				ASSETCATALOG_COMPILER_GENERATE_SWIFT_ASSET_SYMBOL_EXTENSIONS = YES;
				CLANG_ANALYZER_NONNULL = YES;
				CLANG_ANALYZER_NUMBER_OBJECT_CONVERSION = YES_AGGRESSIVE;
				CLANG_CXX_LANGUAGE_STANDARD = "gnu++20";
				CLANG_ENABLE_MODULES = YES;
				CLANG_ENABLE_OBJC_ARC = YES;
				CLANG_ENABLE_OBJC_WEAK = YES;
				CLANG_WARN_BLOCK_CAPTURE_AUTORELEASING = YES;
				CLANG_WARN_BOOL_CONVERSION = YES;
				CLANG_WARN_COMMA = YES;
				CLANG_WARN_CONSTANT_CONVERSION = YES;
				CLANG_WARN_DEPRECATED_OBJC_IMPLEMENTATIONS = YES;
				CLANG_WARN_DIRECT_OBJC_ISA_USAGE = YES_ERROR;
				CLANG_WARN_DOCUMENTATION_COMMENTS = YES;
				CLANG_WARN_EMPTY_BODY = YES;
				CLANG_WARN_ENUM_CONVERSION = YES;
				CLANG_WARN_INFINITE_RECURSION = YES;
				CLANG_WARN_INT_CONVERSION = YES;
				CLANG_WARN_NON_LITERAL_NULL_CONVERSION = YES;
				CLANG_WARN_OBJC_IMPLICIT_RETAIN_SELF = YES;
				CLANG_WARN_OBJC_LITERAL_CONVERSION = YES;
				CLANG_WARN_OBJC_ROOT_CLASS = YES_ERROR;
				CLANG_WARN_QUOTED_INCLUDE_IN_FRAMEWORK_HEADER = YES;
				CLANG_WARN_RANGE_LOOP_ANALYSIS = YES;
				CLANG_WARN_STRICT_PROTOTYPES = YES;
				CLANG_WARN_SUSPICIOUS_MOVE = YES;
				CLANG_WARN_UNGUARDED_AVAILABILITY = YES_AGGRESSIVE;
				CLANG_WARN_UNREACHABLE_CODE = YES;
				CLANG_WARN__DUPLICATE_METHOD_MATCH = YES;
				COPY_PHASE_STRIP = NO;
				DEBUG_INFORMATION_FORMAT = "dwarf-with-dsym";
				ENABLE_NS_ASSERTIONS = NO;
				ENABLE_STRICT_OBJC_MSGSEND = YES;
				ENABLE_USER_SCRIPT_SANDBOXING = YES;
				GCC_C_LANGUAGE_STANDARD = gnu17;
				GCC_NO_COMMON_BLOCKS = YES;
				GCC_WARN_64_TO_32_BIT_CONVERSION = YES;
				GCC_WARN_ABOUT_RETURN_TYPE = YES_ERROR;
				GCC_WARN_UNDECLARED_SELECTOR = YES;
				GCC_WARN_UNINITIALIZED_AUTOS = YES_AGGRESSIVE;
				GCC_WARN_UNUSED_FUNCTION = YES;
				GCC_WARN_UNUSED_VARIABLE = YES;
				LOCALIZATION_PREFERS_STRING_CATALOGS = YES;
				MACOSX_DEPLOYMENT_TARGET = 15.1;
				MTL_ENABLE_DEBUG_INFO = NO;
				MTL_FAST_MATH = YES;
				SDKROOT = macosx;
				SWIFT_COMPILATION_MODE = wholemodule;
			};
			name = Release;
		};
		3613F6BF2CEB8DA80034B5B2 /* Debug */ = {
			isa = XCBuildConfiguration;
			buildSettings = {
				ASSETCATALOG_COMPILER_APPICON_NAME = AppIcon;
				ASSETCATALOG_COMPILER_GLOBAL_ACCENT_COLOR_NAME = AccentColor;
				CODE_SIGN_ENTITLEMENTS = Medium_UI/Medium_UI.entitlements;
				CODE_SIGN_STYLE = Automatic;
				COMBINE_HIDPI_IMAGES = YES;
				CURRENT_PROJECT_VERSION = 1;
				DEVELOPMENT_ASSET_PATHS = "\"Medium_UI/Preview Content\"";
				DEVELOPMENT_TEAM = T692W74334;
				ENABLE_HARDENED_RUNTIME = YES;
				ENABLE_PREVIEWS = YES;
				GENERATE_INFOPLIST_FILE = YES;
				INFOPLIST_FILE = "Medium-UI-Info.plist";
				INFOPLIST_KEY_NSHumanReadableCopyright = "";
				LD_RUNPATH_SEARCH_PATHS = (
					"$(inherited)",
					"@executable_path/../Frameworks",
				);
				MARKETING_VERSION = 1.0;
				PRODUCT_BUNDLE_IDENTIFIER = "shahanul.Medium-UI";
				PRODUCT_NAME = "$(TARGET_NAME)";
				SWIFT_EMIT_LOC_STRINGS = YES;
				SWIFT_VERSION = 5.0;
			};
			name = Debug;
		};
		3613F6C02CEB8DA80034B5B2 /* Release */ = {
			isa = XCBuildConfiguration;
			buildSettings = {
				ASSETCATALOG_COMPILER_APPICON_NAME = AppIcon;
				ASSETCATALOG_COMPILER_GLOBAL_ACCENT_COLOR_NAME = AccentColor;
				CODE_SIGN_ENTITLEMENTS = Medium_UI/Medium_UI.entitlements;
				CODE_SIGN_STYLE = Automatic;
				COMBINE_HIDPI_IMAGES = YES;
				CURRENT_PROJECT_VERSION = 1;
				DEVELOPMENT_ASSET_PATHS = "\"Medium_UI/Preview Content\"";
				DEVELOPMENT_TEAM = T692W74334;
				ENABLE_HARDENED_RUNTIME = YES;
				ENABLE_PREVIEWS = YES;
				GENERATE_INFOPLIST_FILE = YES;
				INFOPLIST_FILE = "Medium-UI-Info.plist";
				INFOPLIST_KEY_NSHumanReadableCopyright = "";
				LD_RUNPATH_SEARCH_PATHS = (
					"$(inherited)",
					"@executable_path/../Frameworks",
				);
				MARKETING_VERSION = 1.0;
				PRODUCT_BUNDLE_IDENTIFIER = "shahanul.Medium-UI";
				PRODUCT_NAME = "$(TARGET_NAME)";
				SWIFT_EMIT_LOC_STRINGS = YES;
				SWIFT_VERSION = 5.0;
			};
			name = Release;
		};
		3613F6C22CEB8DA80034B5B2 /* Debug */ = {
			isa = XCBuildConfiguration;
			buildSettings = {
				BUNDLE_LOADER = "$(TEST_HOST)";
				CODE_SIGN_STYLE = Automatic;
				CURRENT_PROJECT_VERSION = 1;
				DEVELOPMENT_TEAM = T692W74334;
				GENERATE_INFOPLIST_FILE = YES;
				MACOSX_DEPLOYMENT_TARGET = 15.1;
				MARKETING_VERSION = 1.0;
				PRODUCT_BUNDLE_IDENTIFIER = "shahanul.Medium-UITests";
				PRODUCT_NAME = "$(TARGET_NAME)";
				SWIFT_EMIT_LOC_STRINGS = NO;
				SWIFT_VERSION = 5.0;
				TEST_HOST = "$(BUILT_PRODUCTS_DIR)/Medium_UI.app/$(BUNDLE_EXECUTABLE_FOLDER_PATH)/Medium_UI";
			};
			name = Debug;
		};
		3613F6C32CEB8DA80034B5B2 /* Release */ = {
			isa = XCBuildConfiguration;
			buildSettings = {
				BUNDLE_LOADER = "$(TEST_HOST)";
				CODE_SIGN_STYLE = Automatic;
				CURRENT_PROJECT_VERSION = 1;
				DEVELOPMENT_TEAM = T692W74334;
				GENERATE_INFOPLIST_FILE = YES;
				MACOSX_DEPLOYMENT_TARGET = 15.1;
				MARKETING_VERSION = 1.0;
				PRODUCT_BUNDLE_IDENTIFIER = "shahanul.Medium-UITests";
				PRODUCT_NAME = "$(TARGET_NAME)";
				SWIFT_EMIT_LOC_STRINGS = NO;
				SWIFT_VERSION = 5.0;
				TEST_HOST = "$(BUILT_PRODUCTS_DIR)/Medium_UI.app/$(BUNDLE_EXECUTABLE_FOLDER_PATH)/Medium_UI";
			};
			name = Release;
		};
		3613F6C52CEB8DA80034B5B2 /* Debug */ = {
			isa = XCBuildConfiguration;
			buildSettings = {
				CODE_SIGN_STYLE = Automatic;
				CURRENT_PROJECT_VERSION = 1;
				DEVELOPMENT_TEAM = T692W74334;
				GENERATE_INFOPLIST_FILE = YES;
				MARKETING_VERSION = 1.0;
				PRODUCT_BUNDLE_IDENTIFIER = "shahanul.Medium-UIUITests";
				PRODUCT_NAME = "$(TARGET_NAME)";
				SWIFT_EMIT_LOC_STRINGS = NO;
				SWIFT_VERSION = 5.0;
				TEST_TARGET_NAME = Medium_UI;
			};
			name = Debug;
		};
		3613F6C62CEB8DA80034B5B2 /* Release */ = {
			isa = XCBuildConfiguration;
			buildSettings = {
				CODE_SIGN_STYLE = Automatic;
				CURRENT_PROJECT_VERSION = 1;
				DEVELOPMENT_TEAM = T692W74334;
				GENERATE_INFOPLIST_FILE = YES;
				MARKETING_VERSION = 1.0;
				PRODUCT_BUNDLE_IDENTIFIER = "shahanul.Medium-UIUITests";
				PRODUCT_NAME = "$(TARGET_NAME)";
				SWIFT_EMIT_LOC_STRINGS = NO;
				SWIFT_VERSION = 5.0;
				TEST_TARGET_NAME = Medium_UI;
			};
			name = Release;
		};
/* End XCBuildConfiguration section */

/* Begin XCConfigurationList section */
		3613F6942CEB8DA60034B5B2 /* Build configuration list for PBXProject "Medium_UI" */ = {
			isa = XCConfigurationList;
			buildConfigurations = (
				3613F6BC2CEB8DA80034B5B2 /* Debug */,
				3613F6BD2CEB8DA80034B5B2 /* Release */,
			);
			defaultConfigurationIsVisible = 0;
			defaultConfigurationName = Release;
		};
		3613F6BE2CEB8DA80034B5B2 /* Build configuration list for PBXNativeTarget "Medium_UI" */ = {
			isa = XCConfigurationList;
			buildConfigurations = (
				3613F6BF2CEB8DA80034B5B2 /* Debug */,
				3613F6C02CEB8DA80034B5B2 /* Release */,
			);
			defaultConfigurationIsVisible = 0;
			defaultConfigurationName = Release;
		};
		3613F6C12CEB8DA80034B5B2 /* Build configuration list for PBXNativeTarget "Medium_UITests" */ = {
			isa = XCConfigurationList;
			buildConfigurations = (
				3613F6C22CEB8DA80034B5B2 /* Debug */,
				3613F6C32CEB8DA80034B5B2 /* Release */,
			);
			defaultConfigurationIsVisible = 0;
			defaultConfigurationName = Release;
		};
		3613F6C42CEB8DA80034B5B2 /* Build configuration list for PBXNativeTarget "Medium_UIUITests" */ = {
			isa = XCConfigurationList;
			buildConfigurations = (
				3613F6C52CEB8DA80034B5B2 /* Debug */,
				3613F6C62CEB8DA80034B5B2 /* Release */,
			);
			defaultConfigurationIsVisible = 0;
			defaultConfigurationName = Release;
		};
/* End XCConfigurationList section */

/* Begin XCRemoteSwiftPackageReference section */
		3B93060C2D131A8300F39D9F /* XCRemoteSwiftPackageReference "XSwiftUI" */ = {
			isa = XCRemoteSwiftPackageReference;
			repositoryURL = "https://github.com/shawon1fb/XSwiftUI.git";
			requirement = {
				branch = main;
				kind = branch;
			};
		};
		3B93060F2D131B9700F39D9F /* XCRemoteSwiftPackageReference "HighlightSwift" */ = {
			isa = XCRemoteSwiftPackageReference;
			repositoryURL = "https://github.com/appstefan/HighlightSwift.git";
			requirement = {
				kind = upToNextMajorVersion;
				minimumVersion = 1.0.9;
			};
		};
		3B9306122D131D4B00F39D9F /* XCRemoteSwiftPackageReference "Swift-Medium-Core" */ = {
			isa = XCRemoteSwiftPackageReference;
			repositoryURL = "https://github.com/shawon1fb/Swift-Medium-Core.git";
			requirement = {
				branch = main;
				kind = branch;
			};
		};
		3BBB619F2D2C4FAD00F75090 /* XCRemoteSwiftPackageReference "swift-markdown-ui" */ = {
			isa = XCRemoteSwiftPackageReference;
			repositoryURL = "https://github.com/gonzalezreal/swift-markdown-ui.git";
			requirement = {
				kind = upToNextMajorVersion;
				minimumVersion = 2.4.1;
			};
		};
/* End XCRemoteSwiftPackageReference section */

/* Begin XCSwiftPackageProductDependency section */
		3613F6D22CEB8EB20034B5B2 /* MediumCore */ = {
			isa = XCSwiftPackageProductDependency;
			productName = MediumCore;
		};
		3661569B2CEF6F1E0088EF41 /* XSwiftUI */ = {
			isa = XCSwiftPackageProductDependency;
			productName = XSwiftUI;
		};
		36C915652CEF9F01008861FD /* HighlightSwift */ = {
			isa = XCSwiftPackageProductDependency;
			productName = HighlightSwift;
		};
		3B93060D2D131A8300F39D9F /* XSwiftUI */ = {
			isa = XCSwiftPackageProductDependency;
			package = 3B93060C2D131A8300F39D9F /* XCRemoteSwiftPackageReference "XSwiftUI" */;
			productName = XSwiftUI;
		};
		3B9306102D131B9700F39D9F /* HighlightSwift */ = {
			isa = XCSwiftPackageProductDependency;
			package = 3B93060F2D131B9700F39D9F /* XCRemoteSwiftPackageReference "HighlightSwift" */;
			productName = HighlightSwift;
		};
		3B9306132D131D4B00F39D9F /* MediumCore */ = {
			isa = XCSwiftPackageProductDependency;
			package = 3B9306122D131D4B00F39D9F /* XCRemoteSwiftPackageReference "Swift-Medium-Core" */;
			productName = MediumCore;
		};
		3BBB61A02D2C4FAD00F75090 /* MarkdownUI */ = {
			isa = XCSwiftPackageProductDependency;
			package = 3BBB619F2D2C4FAD00F75090 /* XCRemoteSwiftPackageReference "swift-markdown-ui" */;
			productName = MarkdownUI;
		};
/* End XCSwiftPackageProductDependency section */
	};
	rootObject = 3613F6912CEB8DA60034B5B2 /* Project object */;
}
